
Microsoft Visual Studio Solution File, Format Version 12.00
# Visual Studio 2013
VisualStudioVersion = 12.0.21005.1
MinimumVisualStudioVersion = 10.0.40219.1
Project("{FAE04EC0-301F-11D3-BF4B-00C04F79EFBC}") = "Library", "Library\Library.csproj", "{0B5C6A5B-DCBF-4F1C-A80E-50C3877BFFE5}"
EndProject
Project("{FAE04EC0-301F-11D3-BF4B-00C04F79EFBC}") = "LibraryTests", "LibraryTests\LibraryTests.csproj", "{E4639957-97EE-4DEB-9169-159BCA9E7A84}"
EndProject
Project("{FAE04EC0-301F-11D3-BF4B-00C04F79EFBC}") = "DatabaseImport", "DatabaseImport\DatabaseImport.csproj", "{9848ECDA-9CB8-47C3-874B-82B070A5272C}"
EndProject
Project("{FAE04EC0-301F-11D3-BF4B-00C04F79EFBC}") = "DatabaseImportTest", "DatabaseImportTest\DatabaseImportTest.csproj", "{A86D6945-38B4-43FF-8AE8-9BBD28DBE23B}"
EndProject
Project("{FAE04EC0-301F-11D3-BF4B-00C04F79EFBC}") = "DeadDog", "DeadDog\DeadDog.csproj", "{675AB5E0-4637-4E6C-8D38-AA7BB135B5CE}"
EndProject
Project("{FAE04EC0-301F-11D3-BF4B-00C04F79EFBC}") = "Webservice", "Webservice\Webservice.csproj", "{9F705337-1D3B-4F46-8873-407DD741FD8F}"
EndProject
Project("{FAE04EC0-301F-11D3-BF4B-00C04F79EFBC}") = "DataCollector", "DataCollector\DataCollector.csproj", "{41615C7B-69C3-4C67-8207-7C352B0C3CE2}"
EndProject
Project("{FAE04EC0-301F-11D3-BF4B-00C04F79EFBC}") = "DataLoading.LocationSource", "DataSources\DataLoading.LocationSource.csproj", "{7BA32C48-AAB4-41C6-B7A4-94693C3A9614}"
EndProject
Project("{FAE04EC0-301F-11D3-BF4B-00C04F79EFBC}") = "DataLoading.Common", "DataLoading.Common\DataLoading.Common.csproj", "{A4640D97-4D48-420D-864E-F2A119BBF81E}"
EndProject
Global
	GlobalSection(SolutionConfigurationPlatforms) = preSolution
		Debug|Any CPU = Debug|Any CPU
		Release|Any CPU = Release|Any CPU
	EndGlobalSection
	GlobalSection(ProjectConfigurationPlatforms) = postSolution
		{0B5C6A5B-DCBF-4F1C-A80E-50C3877BFFE5}.Debug|Any CPU.ActiveCfg = Debug|Any CPU
		{0B5C6A5B-DCBF-4F1C-A80E-50C3877BFFE5}.Debug|Any CPU.Build.0 = Debug|Any CPU
		{0B5C6A5B-DCBF-4F1C-A80E-50C3877BFFE5}.Release|Any CPU.ActiveCfg = Release|Any CPU
		{0B5C6A5B-DCBF-4F1C-A80E-50C3877BFFE5}.Release|Any CPU.Build.0 = Release|Any CPU
		{E4639957-97EE-4DEB-9169-159BCA9E7A84}.Debug|Any CPU.ActiveCfg = Debug|Any CPU
		{E4639957-97EE-4DEB-9169-159BCA9E7A84}.Debug|Any CPU.Build.0 = Debug|Any CPU
		{E4639957-97EE-4DEB-9169-159BCA9E7A84}.Release|Any CPU.ActiveCfg = Release|Any CPU
		{E4639957-97EE-4DEB-9169-159BCA9E7A84}.Release|Any CPU.Build.0 = Release|Any CPU
		{9848ECDA-9CB8-47C3-874B-82B070A5272C}.Debug|Any CPU.ActiveCfg = Debug|Any CPU
		{9848ECDA-9CB8-47C3-874B-82B070A5272C}.Debug|Any CPU.Build.0 = Debug|Any CPU
		{9848ECDA-9CB8-47C3-874B-82B070A5272C}.Release|Any CPU.ActiveCfg = Release|Any CPU
		{9848ECDA-9CB8-47C3-874B-82B070A5272C}.Release|Any CPU.Build.0 = Release|Any CPU
		{A86D6945-38B4-43FF-8AE8-9BBD28DBE23B}.Debug|Any CPU.ActiveCfg = Debug|Any CPU
		{A86D6945-38B4-43FF-8AE8-9BBD28DBE23B}.Debug|Any CPU.Build.0 = Debug|Any CPU
		{A86D6945-38B4-43FF-8AE8-9BBD28DBE23B}.Release|Any CPU.ActiveCfg = Release|Any CPU
		{A86D6945-38B4-43FF-8AE8-9BBD28DBE23B}.Release|Any CPU.Build.0 = Release|Any CPU
		{675AB5E0-4637-4E6C-8D38-AA7BB135B5CE}.Debug|Any CPU.ActiveCfg = Debug|Any CPU
		{675AB5E0-4637-4E6C-8D38-AA7BB135B5CE}.Debug|Any CPU.Build.0 = Debug|Any CPU
		{675AB5E0-4637-4E6C-8D38-AA7BB135B5CE}.Release|Any CPU.ActiveCfg = Release|Any CPU
		{675AB5E0-4637-4E6C-8D38-AA7BB135B5CE}.Release|Any CPU.Build.0 = Release|Any CPU
		{9F705337-1D3B-4F46-8873-407DD741FD8F}.Debug|Any CPU.ActiveCfg = Debug|Any CPU
		{9F705337-1D3B-4F46-8873-407DD741FD8F}.Debug|Any CPU.Build.0 = Debug|Any CPU
		{9F705337-1D3B-4F46-8873-407DD741FD8F}.Release|Any CPU.ActiveCfg = Release|Any CPU
		{9F705337-1D3B-4F46-8873-407DD741FD8F}.Release|Any CPU.Build.0 = Release|Any CPU
		{41615C7B-69C3-4C67-8207-7C352B0C3CE2}.Debug|Any CPU.ActiveCfg = Debug|Any CPU
		{41615C7B-69C3-4C67-8207-7C352B0C3CE2}.Debug|Any CPU.Build.0 = Debug|Any CPU
		{41615C7B-69C3-4C67-8207-7C352B0C3CE2}.Release|Any CPU.ActiveCfg = Release|Any CPU
		{41615C7B-69C3-4C67-8207-7C352B0C3CE2}.Release|Any CPU.Build.0 = Release|Any CPU
		{7BA32C48-AAB4-41C6-B7A4-94693C3A9614}.Debug|Any CPU.ActiveCfg = Debug|Any CPU
		{7BA32C48-AAB4-41C6-B7A4-94693C3A9614}.Debug|Any CPU.Build.0 = Debug|Any CPU
		{7BA32C48-AAB4-41C6-B7A4-94693C3A9614}.Release|Any CPU.ActiveCfg = Release|Any CPU
		{7BA32C48-AAB4-41C6-B7A4-94693C3A9614}.Release|Any CPU.Build.0 = Release|Any CPU
		{A4640D97-4D48-420D-864E-F2A119BBF81E}.Debug|Any CPU.ActiveCfg = Debug|Any CPU
		{A4640D97-4D48-420D-864E-F2A119BBF81E}.Debug|Any CPU.Build.0 = Debug|Any CPU
		{A4640D97-4D48-420D-864E-F2A119BBF81E}.Release|Any CPU.ActiveCfg = Release|Any CPU
		{A4640D97-4D48-420D-864E-F2A119BBF81E}.Release|Any CPU.Build.0 = Release|Any CPU
	EndGlobalSection
	GlobalSection(SolutionProperties) = preSolution
		HideSolutionNode = FALSE
	EndGlobalSection
EndGlobal
